
Microsoft Visual Studio Solution File, Format Version 12.00
# Visual Studio Version 16
VisualStudioVersion = 16.0.30804.86
MinimumVisualStudioVersion = 15.0.26124.0
Project("{2150E333-8FDC-42A3-9474-1A3956D46DE8}") = "src", "src", "{6E0AA831-9E47-41FD-BB2B-E50760B8BB91}"
EndProject
Project("{9A19103F-16F7-4668-BE54-9A1E7A4F7556}") = "Blaze", "src\Blaze\Blaze.csproj", "{EC253EAF-2370-44B8-8321-B5725BD21031}"
EndProject
Global
	GlobalSection(SolutionConfigurationPlatforms) = preSolution
		Debug|Any CPU = Debug|Any CPU
		Debug|x64 = Debug|x64
		Debug|x86 = Debug|x86
		Release|Any CPU = Release|Any CPU
		Release|x64 = Release|x64
		Release|x86 = Release|x86
	EndGlobalSection
	GlobalSection(ProjectConfigurationPlatforms) = postSolution
		{EC253EAF-2370-44B8-8321-B5725BD21031}.Debug|Any CPU.ActiveCfg = Debug|Any CPU
		{EC253EAF-2370-44B8-8321-B5725BD21031}.Debug|Any CPU.Build.0 = Debug|Any CPU
		{EC253EAF-2370-44B8-8321-B5725BD21031}.Debug|x64.ActiveCfg = Debug|Any CPU
		{EC253EAF-2370-44B8-8321-B5725BD21031}.Debug|x64.Build.0 = Debug|Any CPU
		{EC253EAF-2370-44B8-8321-B5725BD21031}.Debug|x86.ActiveCfg = Debug|Any CPU
		{EC253EAF-2370-44B8-8321-B5725BD21031}.Debug|x86.Build.0 = Debug|Any CPU
		{EC253EAF-2370-44B8-8321-B5725BD21031}.Release|Any CPU.ActiveCfg = Release|Any CPU
		{EC253EAF-2370-44B8-8321-B5725BD21031}.Release|Any CPU.Build.0 = Release|Any CPU
		{EC253EAF-2370-44B8-8321-B5725BD21031}.Release|x64.ActiveCfg = Release|Any CPU
		{EC253EAF-2370-44B8-8321-B5725BD21031}.Release|x64.Build.0 = Release|Any CPU
		{EC253EAF-2370-44B8-8321-B5725BD21031}.Release|x86.ActiveCfg = Release|Any CPU
		{EC253EAF-2370-44B8-8321-B5725BD21031}.Release|x86.Build.0 = Release|Any CPU
	EndGlobalSection
	GlobalSection(SolutionProperties) = preSolution
		HideSolutionNode = FALSE
	EndGlobalSection
	GlobalSection(NestedProjects) = preSolution
		{EC253EAF-2370-44B8-8321-B5725BD21031} = {6E0AA831-9E47-41FD-BB2B-E50760B8BB91}
	EndGlobalSection
	GlobalSection(ExtensibilityGlobals) = postSolution
		SolutionGuid = {13A20A60-2E68-480B-887E-45667A6D4171}
	EndGlobalSection
EndGlobal
